
Microsoft Visual Studio Solution File, Format Version 12.00
# Visual Studio Version 17
VisualStudioVersion = 17.11.35327.3
MinimumVisualStudioVersion = 10.0.40219.1
Project("{FAE04EC0-301F-11D3-BF4B-00C04F79EFBC}") = "ExpandWorkspace", "ExpandWorkspace\ExpandWorkspace.csproj", "{BF66EF47-CA87-4CFE-BB7F-66F16194BD50}"
EndProject
Global
	GlobalSection(SolutionConfigurationPlatforms) = preSolution
		Debug|Any CPU = Debug|Any CPU
		Release|Any CPU = Release|Any CPU
	EndGlobalSection
	GlobalSection(ProjectConfigurationPlatforms) = postSolution
		{BF66EF47-CA87-4CFE-BB7F-66F16194BD50}.Debug|Any CPU.ActiveCfg = Debug|Any CPU
		{BF66EF47-CA87-4CFE-BB7F-66F16194BD50}.Debug|Any CPU.Build.0 = Debug|Any CPU
		{BF66EF47-CA87-4CFE-BB7F-66F16194BD50}.Release|Any CPU.ActiveCfg = Release|Any CPU
		{BF66EF47-CA87-4CFE-BB7F-66F16194BD50}.Release|Any CPU.Build.0 = Release|Any CPU
	EndGlobalSection
	GlobalSection(SolutionProperties) = preSolution
		HideSolutionNode = FALSE
	EndGlobalSection
	GlobalSection(ExtensibilityGlobals) = postSolution
		SolutionGuid = {2B4A12B4-CC8C-435F-B1EE-58BFE2361764}
	EndGlobalSection
EndGlobal
